
Microsoft Visual Studio Solution File, Format Version 12.00
# Visual Studio Version 17
VisualStudioVersion = 17.13.35806.99 d17.13
MinimumVisualStudioVersion = 10.0.40219.1
Project("{FAE04EC0-301F-11D3-BF4B-00C04F79EFBC}") = "SFTP_FileDrop2", "SFTP_FileDrop2\SFTP_FileDrop2.csproj", "{E8406549-6A0C-4EBB-AE1B-72B9C42D60CF}"
EndProject
Global
	GlobalSection(SolutionConfigurationPlatforms) = preSolution
		Debug|Any CPU = Debug|Any CPU
		Release|Any CPU = Release|Any CPU
	EndGlobalSection
	GlobalSection(ProjectConfigurationPlatforms) = postSolution
		{E8406549-6A0C-4EBB-AE1B-72B9C42D60CF}.Debug|Any CPU.ActiveCfg = Debug|Any CPU
		{E8406549-6A0C-4EBB-AE1B-72B9C42D60CF}.Debug|Any CPU.Build.0 = Debug|Any CPU
		{E8406549-6A0C-4EBB-AE1B-72B9C42D60CF}.Release|Any CPU.ActiveCfg = Release|Any CPU
		{E8406549-6A0C-4EBB-AE1B-72B9C42D60CF}.Release|Any CPU.Build.0 = Release|Any CPU
	EndGlobalSection
	GlobalSection(SolutionProperties) = preSolution
		HideSolutionNode = FALSE
	EndGlobalSection
	GlobalSection(ExtensibilityGlobals) = postSolution
		SolutionGuid = {0865F582-E4E8-4420-BEAA-0AD315866361}
	EndGlobalSection
EndGlobal
